
Microsoft Visual Studio Solution File, Format Version 12.00
# Visual Studio 15
VisualStudioVersion = 15.0.27130.2027
MinimumVisualStudioVersion = 10.0.40219.1
Project("{FAE04EC0-301F-11D3-BF4B-00C04F79EFBC}") = "EventData", "EventData\EventData.csproj", "{78AE8072-32AD-4F9A-883E-EC72A65BE78A}"
EndProject
Project("{FAE04EC0-301F-11D3-BF4B-00C04F79EFBC}") = "Publisher", "Publisher\Publisher.csproj", "{8D831D1B-4546-427E-8E88-6A907BF39C13}"
EndProject
Project("{FAE04EC0-301F-11D3-BF4B-00C04F79EFBC}") = "ImageGrabber", "ImageGrabber\ImageGrabber.csproj", "{B2BCBAC9-6382-4045-AD47-C72ADA7647C0}"
EndProject
Global
	GlobalSection(SolutionConfigurationPlatforms) = preSolution
		Debug|Any CPU = Debug|Any CPU
		Release|Any CPU = Release|Any CPU
	EndGlobalSection
	GlobalSection(ProjectConfigurationPlatforms) = postSolution
		{78AE8072-32AD-4F9A-883E-EC72A65BE78A}.Debug|Any CPU.ActiveCfg = Debug|Any CPU
		{78AE8072-32AD-4F9A-883E-EC72A65BE78A}.Debug|Any CPU.Build.0 = Debug|Any CPU
		{78AE8072-32AD-4F9A-883E-EC72A65BE78A}.Release|Any CPU.ActiveCfg = Release|Any CPU
		{78AE8072-32AD-4F9A-883E-EC72A65BE78A}.Release|Any CPU.Build.0 = Release|Any CPU
		{8D831D1B-4546-427E-8E88-6A907BF39C13}.Debug|Any CPU.ActiveCfg = Debug|Any CPU
		{8D831D1B-4546-427E-8E88-6A907BF39C13}.Debug|Any CPU.Build.0 = Debug|Any CPU
		{8D831D1B-4546-427E-8E88-6A907BF39C13}.Release|Any CPU.ActiveCfg = Release|Any CPU
		{8D831D1B-4546-427E-8E88-6A907BF39C13}.Release|Any CPU.Build.0 = Release|Any CPU
		{B2BCBAC9-6382-4045-AD47-C72ADA7647C0}.Debug|Any CPU.ActiveCfg = Debug|Any CPU
		{B2BCBAC9-6382-4045-AD47-C72ADA7647C0}.Debug|Any CPU.Build.0 = Debug|Any CPU
		{B2BCBAC9-6382-4045-AD47-C72ADA7647C0}.Release|Any CPU.ActiveCfg = Release|Any CPU
		{B2BCBAC9-6382-4045-AD47-C72ADA7647C0}.Release|Any CPU.Build.0 = Release|Any CPU
	EndGlobalSection
	GlobalSection(SolutionProperties) = preSolution
		HideSolutionNode = FALSE
	EndGlobalSection
	GlobalSection(ExtensibilityGlobals) = postSolution
		SolutionGuid = {DAB3B2D0-4F86-494A-B493-81398B663A2C}
	EndGlobalSection
EndGlobal
